// !$*UTF8*$!
{
	archiveVersion = 1;
	classes = {
	};
	objectVersion = 50;
	objects = {

/* Begin PBXBuildFile section */
		8803EEFE21DEA0B1003FEBC0 /* AppDelegate.swift in Sources */ = {isa = PBXBuildFile; fileRef = 8803EEFD21DEA0B1003FEBC0 /* AppDelegate.swift */; };
		8803EF0021DEA0B1003FEBC0 /* ViewController.swift in Sources */ = {isa = PBXBuildFile; fileRef = 8803EEFF21DEA0B1003FEBC0 /* ViewController.swift */; };
		8803EF0321DEA0B1003FEBC0 /* Main.storyboard in Resources */ = {isa = PBXBuildFile; fileRef = 8803EF0121DEA0B1003FEBC0 /* Main.storyboard */; };
		8803EF0521DEA0B2003FEBC0 /* Assets.xcassets in Resources */ = {isa = PBXBuildFile; fileRef = 8803EF0421DEA0B2003FEBC0 /* Assets.xcassets */; };
		8803EF0821DEA0B2003FEBC0 /* LaunchScreen.storyboard in Resources */ = {isa = PBXBuildFile; fileRef = 8803EF0621DEA0B2003FEBC0 /* LaunchScreen.storyboard */; };
/* End PBXBuildFile section */

/* Begin PBXFileReference section */
		8803EEFA21DEA0B1003FEBC0 /* YouTubeEx.app */ = {isa = PBXFileReference; explicitFileType = wrapper.application; includeInIndex = 0; path = YouTubeEx.app; sourceTree = BUILT_PRODUCTS_DIR; };
		8803EEFD21DEA0B1003FEBC0 /* AppDelegate.swift */ = {isa = PBXFileReference; lastKnownFileType = sourcecode.swift; path = AppDelegate.swift; sourceTree = "<group>"; };
		8803EEFF21DEA0B1003FEBC0 /* ViewController.swift */ = {isa = PBXFileReference; lastKnownFileType = sourcecode.swift; path = ViewController.swift; sourceTree = "<group>"; };
		8803EF0221DEA0B1003FEBC0 /* Base */ = {isa = PBXFileReference; lastKnownFileType = file.storyboard; name = Base; path = Base.lproj/Main.storyboard; sourceTree = "<group>"; };
		8803EF0421DEA0B2003FEBC0 /* Assets.xcassets */ = {isa = PBXFileReference; lastKnownFileType = folder.assetcatalog; path = Assets.xcassets; sourceTree = "<group>"; };
		8803EF0721DEA0B2003FEBC0 /* Base */ = {isa = PBXFileReference; lastKnownFileType = file.storyboard; name = Base; path = Base.lproj/LaunchScreen.storyboard; sourceTree = "<group>"; };
		8803EF0921DEA0B2003FEBC0 /* Info.plist */ = {isa = PBXFileReference; lastKnownFileType = text.plist.xml; path = Info.plist; sourceTree = "<group>"; };
/* End PBXFileReference section */

/* Begin PBXFrameworksBuildPhase section */
		8803EEF721DEA0B1003FEBC0 /* Frameworks */ = {
			isa = PBXFrameworksBuildPhase;
			buildActionMask = 2147483647;
			files = (
			);
			runOnlyForDeploymentPostprocessing = 0;
		};
/* End PBXFrameworksBuildPhase section */

/* Begin PBXGroup section */
		8803EEF121DEA0B1003FEBC0 = {
			isa = PBXGroup;
			children = (
				8803EEFC21DEA0B1003FEBC0 /* YouTubeEx */,
				8803EEFB21DEA0B1003FEBC0 /* Products */,
			);
			sourceTree = "<group>";
		};
		8803EEFB21DEA0B1003FEBC0 /* Products */ = {
			isa = PBXGroup;
			children = (
				8803EEFA21DEA0B1003FEBC0 /* YouTubeEx.app */,
			);
			name = Products;
			sourceTree = "<group>";
		};
		8803EEFC21DEA0B1003FEBC0 /* YouTubeEx */ = {
			isa = PBXGroup;
			children = (
				8803EEFD21DEA0B1003FEBC0 /* AppDelegate.swift */,
				8803EEFF21DEA0B1003FEBC0 /* ViewController.swift */,
				8803EF0121DEA0B1003FEBC0 /* Main.storyboard */,
				8803EF0421DEA0B2003FEBC0 /* Assets.xcassets */,
				8803EF0621DEA0B2003FEBC0 /* LaunchScreen.storyboard */,
				8803EF0921DEA0B2003FEBC0 /* Info.plist */,
			);
			path = YouTubeEx;
			sourceTree = "<group>";
		};
/* End PBXGroup section */

/* Begin PBXNativeTarget section */
		8803EEF921DEA0B1003FEBC0 /* YouTubeEx */ = {
			isa = PBXNativeTarget;
			buildConfigurationList = 8803EF0C21DEA0B2003FEBC0 /* Build configuration list for PBXNativeTarget "YouTubeEx" */;
			buildPhases = (
				8803EEF621DEA0B1003FEBC0 /* Sources */,
				8803EEF721DEA0B1003FEBC0 /* Frameworks */,
				8803EEF821DEA0B1003FEBC0 /* Resources */,
			);
			buildRules = (
			);
			dependencies = (
			);
			name = YouTubeEx;
			productName = YouTubeEx;
			productReference = 8803EEFA21DEA0B1003FEBC0 /* YouTubeEx.app */;
			productType = "com.apple.product-type.application";
		};
/* End PBXNativeTarget section */

/* Begin PBXProject section */
		8803EEF221DEA0B1003FEBC0 /* Project object */ = {
			isa = PBXProject;
			attributes = {
				LastSwiftUpdateCheck = 1010;
				LastUpgradeCheck = 1010;
				ORGANIZATIONNAME = talspektor;
				TargetAttributes = {
					8803EEF921DEA0B1003FEBC0 = {
						CreatedOnToolsVersion = 10.1;
					};
				};
			};
			buildConfigurationList = 8803EEF521DEA0B1003FEBC0 /* Build configuration list for PBXProject "YouTubeEx" */;
			compatibilityVersion = "Xcode 9.3";
			developmentRegion = en;
			hasScannedForEncodings = 0;
			knownRegions = (
				en,
				Base,
			);
			mainGroup = 8803EEF121DEA0B1003FEBC0;
			productRefGroup = 8803EEFB21DEA0B1003FEBC0 /* Products */;
			projectDirPath = "";
			projectRoot = "";
			targets = (
				8803EEF921DEA0B1003FEBC0 /* YouTubeEx */,
			);
		};
/* End PBXProject section */

/* Begin PBXResourcesBuildPhase section */
		8803EEF821DEA0B1003FEBC0 /* Resources */ = {
			isa = PBXResourcesBuildPhase;
			buildActionMask = 2147483647;
			files = (
				8803EF0821DEA0B2003FEBC0 /* LaunchScreen.storyboard in Resources */,
				8803EF0521DEA0B2003FEBC0 /* Assets.xcassets in Resources */,
				8803EF0321DEA0B1003FEBC0 /* Main.storyboard in Resources */,
			);
			runOnlyForDeploymentPostprocessing = 0;
		};
/* End PBXResourcesBuildPhase section */

/* Begin PBXSourcesBuildPhase section */
		8803EEF621DEA0B1003FEBC0 /* Sources */ = {
			isa = PBXSourcesBuildPhase;
			buildActionMask = 2147483647;
			files = (
				8803EF0021DEA0B1003FEBC0 /* ViewController.swift in Sources */,
				8803EEFE21DEA0B1003FEBC0 /* AppDelegate.swift in Sources */,
			);
			runOnlyForDeploymentPostprocessing = 0;
		};
/* End PBXSourcesBuildPhase section */

/* Begin PBXVariantGroup section */
		8803EF0121DEA0B1003FEBC0 /* Main.storyboard */ = {
			isa = PBXVariantGroup;
			children = (
				8803EF0221DEA0B1003FEBC0 /* Base */,
			);
			name = Main.storyboard;
			sourceTree = "<group>";
		};
		8803EF0621DEA0B2003FEBC0 /* LaunchScreen.storyboard */ = {
			isa = PBXVariantGroup;
			children = (
				8803EF0721DEA0B2003FEBC0 /* Base */,
			);
			name = LaunchScreen.storyboard;
			sourceTree = "<group>";
		};
/* End PBXVariantGroup section */

/* Begin XCBuildConfiguration section */
		8803EF0A21DEA0B2003FEBC0 /* Debug */ = {
			isa = XCBuildConfiguration;
			buildSettings = {
				ALWAYS_SEARCH_USER_PATHS = NO;
				CLANG_ANALYZER_NONNULL = YES;
				CLANG_ANALYZER_NUMBER_OBJECT_CONVERSION = YES_AGGRESSIVE;
				CLANG_CXX_LANGUAGE_STANDARD = "gnu++14";
				CLANG_CXX_LIBRARY = "libc++";
				CLANG_ENABLE_MODULES = YES;
				CLANG_ENABLE_OBJC_ARC = YES;
				CLANG_ENABLE_OBJC_WEAK = YES;
				CLANG_WARN_BLOCK_CAPTURE_AUTORELEASING = YES;
				CLANG_WARN_BOOL_CONVERSION = YES;
				CLANG_WARN_COMMA = YES;
				CLANG_WARN_CONSTANT_CONVERSION = YES;
				CLANG_WARN_DEPRECATED_OBJC_IMPLEMENTATIONS = YES;
				CLANG_WARN_DIRECT_OBJC_ISA_USAGE = YES_ERROR;
				CLANG_WARN_DOCUMENTATION_COMMENTS = YES;
				CLANG_WARN_EMPTY_BODY = YES;
				CLANG_WARN_ENUM_CONVERSION = YES;
				CLANG_WARN_INFINITE_RECURSION = YES;
				CLANG_WARN_INT_CONVERSION = YES;
				CLANG_WARN_NON_LITERAL_NULL_CONVERSION = YES;
				CLANG_WARN_OBJC_IMPLICIT_RETAIN_SELF = YES;
				CLANG_WARN_OBJC_LITERAL_CONVERSION = YES;
				CLANG_WARN_OBJC_ROOT_CLASS = YES_ERROR;
				CLANG_WARN_RANGE_LOOP_ANALYSIS = YES;
				CLANG_WARN_STRICT_PROTOTYPES = YES;
				CLANG_WARN_SUSPICIOUS_MOVE = YES;
				CLANG_WARN_UNGUARDED_AVAILABILITY = YES_AGGRESSIVE;
				CLANG_WARN_UNREACHABLE_CODE = YES;
				CLANG_WARN__DUPLICATE_METHOD_MATCH = YES;
				CODE_SIGN_IDENTITY = "iPhone Developer";
				COPY_PHASE_STRIP = NO;
				DEBUG_INFORMATION_FORMAT = dwarf;
				ENABLE_STRICT_OBJC_MSGSEND = YES;
				ENABLE_TESTABILITY = YES;
				GCC_C_LANGUAGE_STANDARD = gnu11;
				GCC_DYNAMIC_NO_PIC = NO;
				GCC_NO_COMMON_BLOCKS = YES;
				GCC_OPTIMIZATION_LEVEL = 0;
				GCC_PREPROCESSOR_DEFINITIONS = (
					"DEBUG=1",
					"$(inherited)",
				);
				GCC_WARN_64_TO_32_BIT_CONVERSION = YES;
				GCC_WARN_ABOUT_RETURN_TYPE = YES_ERROR;
				GCC_WARN_UNDECLARED_SELECTOR = YES;
				GCC_WARN_UNINITIALIZED_AUTOS = YES_AGGRESSIVE;
				GCC_WARN_UNUSED_FUNCTION = YES;
				GCC_WARN_UNUSED_VARIABLE = YES;
				IPHONEOS_DEPLOYMENT_TARGET = 12.1;
				MTL_ENABLE_DEBUG_INFO = INCLUDE_SOURCE;
				MTL_FAST_MATH = YES;
				ONLY_ACTIVE_ARCH = YES;
				SDKROOT = iphoneos;
				SWIFT_ACTIVE_COMPILATION_CONDITIONS = DEBUG;
				SWIFT_OPTIMIZATION_LEVEL = "-Onone";
			};
			name = Debug;
		};
		8803EF0B21DEA0B2003FEBC0 /* Release */ = {
			isa = XCBuildConfiguration;
			buildSettings = {
				ALWAYS_SEARCH_USER_PATHS = NO;
				CLANG_ANALYZER_NONNULL = YES;
				CLANG_ANALYZER_NUMBER_OBJECT_CONVERSION = YES_AGGRESSIVE;
				CLANG_CXX_LANGUAGE_STANDARD = "gnu++14";
				CLANG_CXX_LIBRARY = "libc++";
				CLANG_ENABLE_MODULES = YES;
				CLANG_ENABLE_OBJC_ARC = YES;
				CLANG_ENABLE_OBJC_WEAK = YES;
				CLANG_WARN_BLOCK_CAPTURE_AUTORELEASING = YES;
				CLANG_WARN_BOOL_CONVERSION = YES;
				CLANG_WARN_COMMA = YES;
				CLANG_WARN_CONSTANT_CONVERSION = YES;
				CLANG_WARN_DEPRECATED_OBJC_IMPLEMENTATIONS = YES;
				CLANG_WARN_DIRECT_OBJC_ISA_USAGE = YES_ERROR;
				CLANG_WARN_DOCUMENTATION_COMMENTS = YES;
				CLANG_WARN_EMPTY_BODY = YES;
				CLANG_WARN_ENUM_CONVERSION = YES;
				CLANG_WARN_INFINITE_RECURSION = YES;
				CLANG_WARN_INT_CONVERSION = YES;
				CLANG_WARN_NON_LITERAL_NULL_CONVERSION = YES;
				CLANG_WARN_OBJC_IMPLICIT_RETAIN_SELF = YES;
				CLANG_WARN_OBJC_LITERAL_CONVERSION = YES;
				CLANG_WARN_OBJC_ROOT_CLASS = YES_ERROR;
				CLANG_WARN_RANGE_LOOP_ANALYSIS = YES;
				CLANG_WARN_STRICT_PROTOTYPES = YES;
				CLANG_WARN_SUSPICIOUS_MOVE = YES;
				CLANG_WARN_UNGUARDED_AVAILABILITY = YES_AGGRESSIVE;
				CLANG_WARN_UNREACHABLE_CODE = YES;
				CLANG_WARN__DUPLICATE_METHOD_MATCH = YES;
				CODE_SIGN_IDENTITY = "iPhone Developer";
				COPY_PHASE_STRIP = NO;
				DEBUG_INFORMATION_FORMAT = "dwarf-with-dsym";
				ENABLE_NS_ASSERTIONS = NO;
				ENABLE_STRICT_OBJC_MSGSEND = YES;
				GCC_C_LANGUAGE_STANDARD = gnu11;
				GCC_NO_COMMON_BLOCKS = YES;
				GCC_WARN_64_TO_32_BIT_CONVERSION = YES;
				GCC_WARN_ABOUT_RETURN_TYPE = YES_ERROR;
				GCC_WARN_UNDECLARED_SELECTOR = YES;
				GCC_WARN_UNINITIALIZED_AUTOS = YES_AGGRESSIVE;
				GCC_WARN_UNUSED_FUNCTION = YES;
				GCC_WARN_UNUSED_VARIABLE = YES;
				IPHONEOS_DEPLOYMENT_TARGET = 12.1;
				MTL_ENABLE_DEBUG_INFO = NO;
				MTL_FAST_MATH = YES;
				SDKROOT = iphoneos;
				SWIFT_COMPILATION_MODE = wholemodule;
				SWIFT_OPTIMIZATION_LEVEL = "-O";
				VALIDATE_PRODUCT = YES;
			};
			name = Release;
		};
		8803EF0D21DEA0B2003FEBC0 /* Debug */ = {
			isa = XCBuildConfiguration;
			buildSettings = {
				ASSETCATALOG_COMPILER_APPICON_NAME = AppIcon;
				CODE_SIGN_STYLE = Automatic;
				DEVELOPMENT_TEAM = M3C8BZ4H8Y;
				INFOPLIST_FILE = YouTubeEx/Info.plist;
				LD_RUNPATH_SEARCH_PATHS = (
					"$(inherited)",
					"@executable_path/Frameworks",
				);
				PRODUCT_BUNDLE_IDENTIFIER = com.talspektor.YouTubeEx;
				PRODUCT_NAME = "$(TARGET_NAME)";
				SWIFT_VERSION = 4.2;
				TARGETED_DEVICE_FAMILY = "1,2";
			};
			name = Debug;
		};
		8803EF0E21DEA0B2003FEBC0 /* Release */ = {
			isa = XCBuildConfiguration;
			buildSettings = {
				ASSETCATALOG_COMPILER_APPICON_NAME = AppIcon;
				CODE_SIGN_STYLE = Automatic;
				DEVELOPMENT_TEAM = M3C8BZ4H8Y;
				INFOPLIST_FILE = YouTubeEx/Info.plist;
				LD_RUNPATH_SEARCH_PATHS = (
					"$(inherited)",
					"@executable_path/Frameworks",
				);
				PRODUCT_BUNDLE_IDENTIFIER = com.talspektor.YouTubeEx;
				PRODUCT_NAME = "$(TARGET_NAME)";
				SWIFT_VERSION = 4.2;
				TARGETED_DEVICE_FAMILY = "1,2";
			};
			name = Release;
		};
/* End XCBuildConfiguration section */

/* Begin XCConfigurationList section */
		8803EEF521DEA0B1003FEBC0 /* Build configuration list for PBXProject "YouTubeEx" */ = {
			isa = XCConfigurationList;
			buildConfigurations = (
				8803EF0A21DEA0B2003FEBC0 /* Debug */,
				8803EF0B21DEA0B2003FEBC0 /* Release */,
			);
			defaultConfigurationIsVisible = 0;
			defaultConfigurationName = Release;
		};
		8803EF0C21DEA0B2003FEBC0 /* Build configuration list for PBXNativeTarget "YouTubeEx" */ = {
			isa = XCConfigurationList;
			buildConfigurations = (
				8803EF0D21DEA0B2003FEBC0 /* Debug */,
				8803EF0E21DEA0B2003FEBC0 /* Release */,
			);
			defaultConfigurationIsVisible = 0;
			defaultConfigurationName = Release;
		};
/* End XCConfigurationList section */
	};
	rootObject = 8803EEF221DEA0B1003FEBC0 /* Project object */;
}
